
Microsoft Visual Studio Solution File, Format Version 12.00
# Visual Studio Version 17
VisualStudioVersion = 17.4.33403.182
MinimumVisualStudioVersion = 10.0.40219.1
Project("{FAE04EC0-301F-11D3-BF4B-00C04F79EFBC}") = "ConsoleApp_Parallel.For", "ConsoleApp\ConsoleApp_Parallel.For.csproj", "{EA3F7978-6DC2-4DF4-A785-12D02B08D987}"
EndProject
Project("{FAE04EC0-301F-11D3-BF4B-00C04F79EFBC}") = "YieldReturn", "YieldReturn\YieldReturn.csproj", "{9F1BB09E-28AB-4CB7-9D2E-321133DC3840}"
EndProject
Project("{FAE04EC0-301F-11D3-BF4B-00C04F79EFBC}") = "WinFormsApp_Task.Delay", "WinFormsApp1\WinFormsApp_Task.Delay.csproj", "{C6F54B1F-83C9-4A29-B294-CD970C8D0280}"
EndProject
Project("{FAE04EC0-301F-11D3-BF4B-00C04F79EFBC}") = "ConsoleApp_Task.Delay", "ConsoleApp_Task.Delay\ConsoleApp_Task.Delay.csproj", "{0E3FB64B-A680-4083-8FF9-9A6EC4DEA346}"
EndProject
Project("{FAE04EC0-301F-11D3-BF4B-00C04F79EFBC}") = "ConsoleApp_Parallel.ForEachAsync", "ConsoleApp_Parallel.ForEachAsync\ConsoleApp_Parallel.ForEachAsync.csproj", "{866E8847-C71C-46C4-948B-62420AA97116}"
EndProject
Global
	GlobalSection(SolutionConfigurationPlatforms) = preSolution
		Debug|Any CPU = Debug|Any CPU
		Release|Any CPU = Release|Any CPU
	EndGlobalSection
	GlobalSection(ProjectConfigurationPlatforms) = postSolution
		{EA3F7978-6DC2-4DF4-A785-12D02B08D987}.Debug|Any CPU.ActiveCfg = Debug|Any CPU
		{EA3F7978-6DC2-4DF4-A785-12D02B08D987}.Debug|Any CPU.Build.0 = Debug|Any CPU
		{EA3F7978-6DC2-4DF4-A785-12D02B08D987}.Release|Any CPU.ActiveCfg = Release|Any CPU
		{EA3F7978-6DC2-4DF4-A785-12D02B08D987}.Release|Any CPU.Build.0 = Release|Any CPU
		{9F1BB09E-28AB-4CB7-9D2E-321133DC3840}.Debug|Any CPU.ActiveCfg = Debug|Any CPU
		{9F1BB09E-28AB-4CB7-9D2E-321133DC3840}.Debug|Any CPU.Build.0 = Debug|Any CPU
		{9F1BB09E-28AB-4CB7-9D2E-321133DC3840}.Release|Any CPU.ActiveCfg = Release|Any CPU
		{9F1BB09E-28AB-4CB7-9D2E-321133DC3840}.Release|Any CPU.Build.0 = Release|Any CPU
		{C6F54B1F-83C9-4A29-B294-CD970C8D0280}.Debug|Any CPU.ActiveCfg = Debug|Any CPU
		{C6F54B1F-83C9-4A29-B294-CD970C8D0280}.Debug|Any CPU.Build.0 = Debug|Any CPU
		{C6F54B1F-83C9-4A29-B294-CD970C8D0280}.Release|Any CPU.ActiveCfg = Release|Any CPU
		{C6F54B1F-83C9-4A29-B294-CD970C8D0280}.Release|Any CPU.Build.0 = Release|Any CPU
		{0E3FB64B-A680-4083-8FF9-9A6EC4DEA346}.Debug|Any CPU.ActiveCfg = Debug|Any CPU
		{0E3FB64B-A680-4083-8FF9-9A6EC4DEA346}.Debug|Any CPU.Build.0 = Debug|Any CPU
		{0E3FB64B-A680-4083-8FF9-9A6EC4DEA346}.Release|Any CPU.ActiveCfg = Release|Any CPU
		{0E3FB64B-A680-4083-8FF9-9A6EC4DEA346}.Release|Any CPU.Build.0 = Release|Any CPU
		{866E8847-C71C-46C4-948B-62420AA97116}.Debug|Any CPU.ActiveCfg = Debug|Any CPU
		{866E8847-C71C-46C4-948B-62420AA97116}.Debug|Any CPU.Build.0 = Debug|Any CPU
		{866E8847-C71C-46C4-948B-62420AA97116}.Release|Any CPU.ActiveCfg = Release|Any CPU
		{866E8847-C71C-46C4-948B-62420AA97116}.Release|Any CPU.Build.0 = Release|Any CPU
	EndGlobalSection
	GlobalSection(SolutionProperties) = preSolution
		HideSolutionNode = FALSE
	EndGlobalSection
	GlobalSection(ExtensibilityGlobals) = postSolution
		SolutionGuid = {4AF07500-AFDF-44B9-BEFD-969E4FE7D788}
	EndGlobalSection
EndGlobal
